
Microsoft Visual Studio Solution File, Format Version 12.00
# Visual Studio Version 17
VisualStudioVersion = 17.10.35013.160
MinimumVisualStudioVersion = 10.0.40219.1
Project("{FAE04EC0-301F-11D3-BF4B-00C04F79EFBC}") = "Text reader", "Text reader.csproj", "{2D9EE075-F1BD-4608-8E95-632854A0E263}"
EndProject
Project("{2150E333-8FDC-42A3-9474-1A3956D46DE8}") = "Элементы решения", "Элементы решения", "{DC0BBA57-E81C-45EC-BC58-029E5D033E1F}"
	ProjectSection(SolutionItems) = preProject
		bin\Debug\speaker_settings.db = bin\Debug\speaker_settings.db
	EndProjectSection
EndProject
Global
	GlobalSection(SolutionConfigurationPlatforms) = preSolution
		Debug|Any CPU = Debug|Any CPU
		Release|Any CPU = Release|Any CPU
	EndGlobalSection
	GlobalSection(ProjectConfigurationPlatforms) = postSolution
		{2D9EE075-F1BD-4608-8E95-632854A0E263}.Debug|Any CPU.ActiveCfg = Debug|Any CPU
		{2D9EE075-F1BD-4608-8E95-632854A0E263}.Debug|Any CPU.Build.0 = Debug|Any CPU
		{2D9EE075-F1BD-4608-8E95-632854A0E263}.Release|Any CPU.ActiveCfg = Release|Any CPU
		{2D9EE075-F1BD-4608-8E95-632854A0E263}.Release|Any CPU.Build.0 = Release|Any CPU
	EndGlobalSection
	GlobalSection(SolutionProperties) = preSolution
		HideSolutionNode = FALSE
	EndGlobalSection
	GlobalSection(ExtensibilityGlobals) = postSolution
		SolutionGuid = {8497663F-9E34-49F4-9591-232E9DCA6068}
	EndGlobalSection
EndGlobal
